
Microsoft Visual Studio Solution File, Format Version 12.00
# Visual Studio 15
VisualStudioVersion = 15.0.28307.329
MinimumVisualStudioVersion = 10.0.40219.1
Project("{FAE04EC0-301F-11D3-BF4B-00C04F79EFBC}") = "DatabaseUpgrade", "DatabaseUpgrade\DatabaseUpgrade.csproj", "{3331DB75-0960-4961-B5EA-7CA2DA396DEA}"
EndProject
Global
	GlobalSection(SolutionConfigurationPlatforms) = preSolution
		Debug|Any CPU = Debug|Any CPU
		Release|Any CPU = Release|Any CPU
	EndGlobalSection
	GlobalSection(ProjectConfigurationPlatforms) = postSolution
		{3331DB75-0960-4961-B5EA-7CA2DA396DEA}.Debug|Any CPU.ActiveCfg = Debug|Any CPU
		{3331DB75-0960-4961-B5EA-7CA2DA396DEA}.Debug|Any CPU.Build.0 = Debug|Any CPU
		{3331DB75-0960-4961-B5EA-7CA2DA396DEA}.Release|Any CPU.ActiveCfg = Release|Any CPU
		{3331DB75-0960-4961-B5EA-7CA2DA396DEA}.Release|Any CPU.Build.0 = Release|Any CPU
	EndGlobalSection
	GlobalSection(SolutionProperties) = preSolution
		HideSolutionNode = FALSE
	EndGlobalSection
	GlobalSection(ExtensibilityGlobals) = postSolution
		SolutionGuid = {F870E0A6-CDE2-4119-8B0B-943E1724FD43}
	EndGlobalSection
EndGlobal
